{
  "name": "recursive-grammar-literal",
  "version": "1.0.0",
  "lockfileVersion": 2,
  "requires": true,
  "packages": {
    "": {
      "name": "recursive-grammar-literal",
      "version": "1.0.0",
      "license": "BSD-3-Clause",
      "peerDependencies": {
        "church-cat": "^1.0.0"
      }
    },
    "node_modules/church-cat": {
      "version": "1.0.0",
      "resolved": "https://registry.npmjs.org/church-cat/-/church-cat-1.0.0.tgz",
      "integrity": "sha512-q+0geHOB3ba0QDBjQ0l++HoPpL6n1cpFTqbiciHeS5OridnL4KUTMLUV4uX+yWC+seaeG5OQTOkJvrZ0h9dIdg==",
      "peer": true
    }
  },
  "dependencies": {
    "church-cat": {
      "version": "1.0.0",
      "resolved": "https://registry.npmjs.org/church-cat/-/church-cat-1.0.0.tgz",
      "integrity": "sha512-q+0geHOB3ba0QDBjQ0l++HoPpL6n1cpFTqbiciHeS5OridnL4KUTMLUV4uX+yWC+seaeG5OQTOkJvrZ0h9dIdg==",
      "peer": true
    }
  }
}
